// !$*UTF8*$!
{
	archiveVersion = 1;
	classes = {
	};
	objectVersion = 55;
	objects = {

/* Begin PBXBuildFile section */
		0418E78627414E5F0029AFC9 /* WebViewController.swift in Sources */ = {isa = PBXBuildFile; fileRef = 0418E78527414E5F0029AFC9 /* WebViewController.swift */; };
		044F18FF27331645002FA58F /* AppDelegate.swift in Sources */ = {isa = PBXBuildFile; fileRef = 044F18FE27331645002FA58F /* AppDelegate.swift */; };
		044F190127331645002FA58F /* SceneDelegate.swift in Sources */ = {isa = PBXBuildFile; fileRef = 044F190027331645002FA58F /* SceneDelegate.swift */; };
		044F190327331645002FA58F /* ViewController.swift in Sources */ = {isa = PBXBuildFile; fileRef = 044F190227331645002FA58F /* ViewController.swift */; };
		044F190627331645002FA58F /* Main.storyboard in Resources */ = {isa = PBXBuildFile; fileRef = 044F190427331645002FA58F /* Main.storyboard */; };
		044F190827331646002FA58F /* Assets.xcassets in Resources */ = {isa = PBXBuildFile; fileRef = 044F190727331646002FA58F /* Assets.xcassets */; };
		044F190B27331646002FA58F /* LaunchScreen.storyboard in Resources */ = {isa = PBXBuildFile; fileRef = 044F190927331646002FA58F /* LaunchScreen.storyboard */; };
		044F191327337467002FA58F /* GameViewController.swift in Sources */ = {isa = PBXBuildFile; fileRef = 044F191227337467002FA58F /* GameViewController.swift */; };
		044F191D273412A4002FA58F /* GameData.swift in Sources */ = {isa = PBXBuildFile; fileRef = 044F191C273412A4002FA58F /* GameData.swift */; };
		044F191F27341CDD002FA58F /* GamesModel.swift in Sources */ = {isa = PBXBuildFile; fileRef = 044F191E27341CDD002FA58F /* GamesModel.swift */; };
		044F192427358D81002FA58F /* GamesManager.swift in Sources */ = {isa = PBXBuildFile; fileRef = 044F192327358D81002FA58F /* GamesManager.swift */; };
		044F19282736EB2A002FA58F /* GameTableViewCell.swift in Sources */ = {isa = PBXBuildFile; fileRef = 044F19272736EB2A002FA58F /* GameTableViewCell.swift */; };
		049DF79F274AAF2E0073F0C1 /* DetailsStoryboard.storyboard in Resources */ = {isa = PBXBuildFile; fileRef = 049DF79E274AAF2E0073F0C1 /* DetailsStoryboard.storyboard */; };
		049DF7AB274ACB170073F0C1 /* GameTableViewCell.xib in Resources */ = {isa = PBXBuildFile; fileRef = 049DF7A9274ACB170073F0C1 /* GameTableViewCell.xib */; };
		04B0BAC22779F041006C4D8C /* Constants.swift in Sources */ = {isa = PBXBuildFile; fileRef = 04B0BAC12779F041006C4D8C /* Constants.swift */; };
/* End PBXBuildFile section */

/* Begin PBXFileReference section */
		0418E78527414E5F0029AFC9 /* WebViewController.swift */ = {isa = PBXFileReference; lastKnownFileType = sourcecode.swift; path = WebViewController.swift; sourceTree = "<group>"; };
		044F18FB27331645002FA58F /* games.app */ = {isa = PBXFileReference; explicitFileType = wrapper.application; includeInIndex = 0; path = games.app; sourceTree = BUILT_PRODUCTS_DIR; };
		044F18FE27331645002FA58F /* AppDelegate.swift */ = {isa = PBXFileReference; lastKnownFileType = sourcecode.swift; path = AppDelegate.swift; sourceTree = "<group>"; };
		044F190027331645002FA58F /* SceneDelegate.swift */ = {isa = PBXFileReference; lastKnownFileType = sourcecode.swift; path = SceneDelegate.swift; sourceTree = "<group>"; };
		044F190227331645002FA58F /* ViewController.swift */ = {isa = PBXFileReference; lastKnownFileType = sourcecode.swift; path = ViewController.swift; sourceTree = "<group>"; };
		044F190527331645002FA58F /* Base */ = {isa = PBXFileReference; lastKnownFileType = file.storyboard; name = Base; path = Base.lproj/Main.storyboard; sourceTree = "<group>"; };
		044F190727331646002FA58F /* Assets.xcassets */ = {isa = PBXFileReference; lastKnownFileType = folder.assetcatalog; path = Assets.xcassets; sourceTree = "<group>"; };
		044F190A27331646002FA58F /* Base */ = {isa = PBXFileReference; lastKnownFileType = file.storyboard; name = Base; path = Base.lproj/LaunchScreen.storyboard; sourceTree = "<group>"; };
		044F190C27331646002FA58F /* Info.plist */ = {isa = PBXFileReference; lastKnownFileType = text.plist.xml; path = Info.plist; sourceTree = "<group>"; };
		044F191227337467002FA58F /* GameViewController.swift */ = {isa = PBXFileReference; lastKnownFileType = sourcecode.swift; path = GameViewController.swift; sourceTree = "<group>"; };
		044F191C273412A4002FA58F /* GameData.swift */ = {isa = PBXFileReference; lastKnownFileType = sourcecode.swift; path = GameData.swift; sourceTree = "<group>"; };
		044F191E27341CDD002FA58F /* GamesModel.swift */ = {isa = PBXFileReference; lastKnownFileType = sourcecode.swift; path = GamesModel.swift; sourceTree = "<group>"; };
		044F192327358D81002FA58F /* GamesManager.swift */ = {isa = PBXFileReference; lastKnownFileType = sourcecode.swift; path = GamesManager.swift; sourceTree = "<group>"; };
		044F19272736EB2A002FA58F /* GameTableViewCell.swift */ = {isa = PBXFileReference; lastKnownFileType = sourcecode.swift; path = GameTableViewCell.swift; sourceTree = "<group>"; };
		049DF79E274AAF2E0073F0C1 /* DetailsStoryboard.storyboard */ = {isa = PBXFileReference; lastKnownFileType = file.storyboard; path = DetailsStoryboard.storyboard; sourceTree = "<group>"; };
		049DF7A9274ACB170073F0C1 /* GameTableViewCell.xib */ = {isa = PBXFileReference; lastKnownFileType = file.xib; path = GameTableViewCell.xib; sourceTree = "<group>"; };
		04B0BAC12779F041006C4D8C /* Constants.swift */ = {isa = PBXFileReference; lastKnownFileType = sourcecode.swift; path = Constants.swift; sourceTree = "<group>"; };
/* End PBXFileReference section */

/* Begin PBXFrameworksBuildPhase section */
		044F18F827331645002FA58F /* Frameworks */ = {
			isa = PBXFrameworksBuildPhase;
			buildActionMask = 2147483647;
			files = (
			);
			runOnlyForDeploymentPostprocessing = 0;
		};
/* End PBXFrameworksBuildPhase section */

/* Begin PBXGroup section */
		044F18F227331645002FA58F = {
			isa = PBXGroup;
			children = (
				044F18FD27331645002FA58F /* games */,
				044F18FC27331645002FA58F /* Products */,
			);
			sourceTree = "<group>";
		};
		044F18FC27331645002FA58F /* Products */ = {
			isa = PBXGroup;
			children = (
				044F18FB27331645002FA58F /* games.app */,
			);
			name = Products;
			sourceTree = "<group>";
		};
		044F18FD27331645002FA58F /* games */ = {
			isa = PBXGroup;
			children = (
				044F18FE27331645002FA58F /* AppDelegate.swift */,
				044F190027331645002FA58F /* SceneDelegate.swift */,
				044F192227357E4F002FA58F /* Controller */,
				044F192127357E45002FA58F /* Views */,
				044F192027357E35002FA58F /* Model */,
				044F190727331646002FA58F /* Assets.xcassets */,
				044F190C27331646002FA58F /* Info.plist */,
			);
			path = games;
			sourceTree = "<group>";
		};
		044F192027357E35002FA58F /* Model */ = {
			isa = PBXGroup;
			children = (
				044F192327358D81002FA58F /* GamesManager.swift */,
				04B0BAC12779F041006C4D8C /* Constants.swift */,
				044F191C273412A4002FA58F /* GameData.swift */,
				044F191E27341CDD002FA58F /* GamesModel.swift */,
			);
			path = Model;
			sourceTree = "<group>";
		};
		044F192127357E45002FA58F /* Views */ = {
			isa = PBXGroup;
			children = (
				044F190427331645002FA58F /* Main.storyboard */,
				049DF79E274AAF2E0073F0C1 /* DetailsStoryboard.storyboard */,
				044F190927331646002FA58F /* LaunchScreen.storyboard */,
				049DF7A9274ACB170073F0C1 /* GameTableViewCell.xib */,
			);
			path = Views;
			sourceTree = "<group>";
		};
		044F192227357E4F002FA58F /* Controller */ = {
			isa = PBXGroup;
			children = (
				044F190227331645002FA58F /* ViewController.swift */,
				044F191227337467002FA58F /* GameViewController.swift */,
				044F19272736EB2A002FA58F /* GameTableViewCell.swift */,
				0418E78527414E5F0029AFC9 /* WebViewController.swift */,
			);
			path = Controller;
			sourceTree = "<group>";
		};
/* End PBXGroup section */

/* Begin PBXNativeTarget section */
		044F18FA27331645002FA58F /* games */ = {
			isa = PBXNativeTarget;
			buildConfigurationList = 044F190F27331646002FA58F /* Build configuration list for PBXNativeTarget "games" */;
			buildPhases = (
				044F18F727331645002FA58F /* Sources */,
				044F18F827331645002FA58F /* Frameworks */,
				044F18F927331645002FA58F /* Resources */,
			);
			buildRules = (
			);
			dependencies = (
			);
			name = games;
			productName = games;
			productReference = 044F18FB27331645002FA58F /* games.app */;
			productType = "com.apple.product-type.application";
		};
/* End PBXNativeTarget section */

/* Begin PBXProject section */
		044F18F327331645002FA58F /* Project object */ = {
			isa = PBXProject;
			attributes = {
				BuildIndependentTargetsInParallel = 1;
				LastSwiftUpdateCheck = 1300;
				LastUpgradeCheck = 1300;
				TargetAttributes = {
					044F18FA27331645002FA58F = {
						CreatedOnToolsVersion = 13.0;
					};
				};
			};
			buildConfigurationList = 044F18F627331645002FA58F /* Build configuration list for PBXProject "games" */;
			compatibilityVersion = "Xcode 13.0";
			developmentRegion = en;
			hasScannedForEncodings = 0;
			knownRegions = (
				en,
				Base,
			);
			mainGroup = 044F18F227331645002FA58F;
			productRefGroup = 044F18FC27331645002FA58F /* Products */;
			projectDirPath = "";
			projectRoot = "";
			targets = (
				044F18FA27331645002FA58F /* games */,
			);
		};
/* End PBXProject section */

/* Begin PBXResourcesBuildPhase section */
		044F18F927331645002FA58F /* Resources */ = {
			isa = PBXResourcesBuildPhase;
			buildActionMask = 2147483647;
			files = (
				044F190B27331646002FA58F /* LaunchScreen.storyboard in Resources */,
				049DF7AB274ACB170073F0C1 /* GameTableViewCell.xib in Resources */,
				044F190827331646002FA58F /* Assets.xcassets in Resources */,
				049DF79F274AAF2E0073F0C1 /* DetailsStoryboard.storyboard in Resources */,
				044F190627331645002FA58F /* Main.storyboard in Resources */,
			);
			runOnlyForDeploymentPostprocessing = 0;
		};
/* End PBXResourcesBuildPhase section */

/* Begin PBXSourcesBuildPhase section */
		044F18F727331645002FA58F /* Sources */ = {
			isa = PBXSourcesBuildPhase;
			buildActionMask = 2147483647;
			files = (
				044F191D273412A4002FA58F /* GameData.swift in Sources */,
				0418E78627414E5F0029AFC9 /* WebViewController.swift in Sources */,
				044F192427358D81002FA58F /* GamesManager.swift in Sources */,
				044F191F27341CDD002FA58F /* GamesModel.swift in Sources */,
				044F191327337467002FA58F /* GameViewController.swift in Sources */,
				04B0BAC22779F041006C4D8C /* Constants.swift in Sources */,
				044F190327331645002FA58F /* ViewController.swift in Sources */,
				044F18FF27331645002FA58F /* AppDelegate.swift in Sources */,
				044F190127331645002FA58F /* SceneDelegate.swift in Sources */,
				044F19282736EB2A002FA58F /* GameTableViewCell.swift in Sources */,
			);
			runOnlyForDeploymentPostprocessing = 0;
		};
/* End PBXSourcesBuildPhase section */

/* Begin PBXVariantGroup section */
		044F190427331645002FA58F /* Main.storyboard */ = {
			isa = PBXVariantGroup;
			children = (
				044F190527331645002FA58F /* Base */,
			);
			name = Main.storyboard;
			sourceTree = "<group>";
		};
		044F190927331646002FA58F /* LaunchScreen.storyboard */ = {
			isa = PBXVariantGroup;
			children = (
				044F190A27331646002FA58F /* Base */,
			);
			name = LaunchScreen.storyboard;
			sourceTree = "<group>";
		};
/* End PBXVariantGroup section */

/* Begin XCBuildConfiguration section */
		044F190D27331646002FA58F /* Debug */ = {
			isa = XCBuildConfiguration;
			buildSettings = {
				ALWAYS_SEARCH_USER_PATHS = NO;
				CLANG_ANALYZER_NONNULL = YES;
				CLANG_ANALYZER_NUMBER_OBJECT_CONVERSION = YES_AGGRESSIVE;
				CLANG_CXX_LANGUAGE_STANDARD = "gnu++17";
				CLANG_CXX_LIBRARY = "libc++";
				CLANG_ENABLE_MODULES = YES;
				CLANG_ENABLE_OBJC_ARC = YES;
				CLANG_ENABLE_OBJC_WEAK = YES;
				CLANG_WARN_BLOCK_CAPTURE_AUTORELEASING = YES;
				CLANG_WARN_BOOL_CONVERSION = YES;
				CLANG_WARN_COMMA = YES;
				CLANG_WARN_CONSTANT_CONVERSION = YES;
				CLANG_WARN_DEPRECATED_OBJC_IMPLEMENTATIONS = YES;
				CLANG_WARN_DIRECT_OBJC_ISA_USAGE = YES_ERROR;
				CLANG_WARN_DOCUMENTATION_COMMENTS = YES;
				CLANG_WARN_EMPTY_BODY = YES;
				CLANG_WARN_ENUM_CONVERSION = YES;
				CLANG_WARN_INFINITE_RECURSION = YES;
				CLANG_WARN_INT_CONVERSION = YES;
				CLANG_WARN_NON_LITERAL_NULL_CONVERSION = YES;
				CLANG_WARN_OBJC_IMPLICIT_RETAIN_SELF = YES;
				CLANG_WARN_OBJC_LITERAL_CONVERSION = YES;
				CLANG_WARN_OBJC_ROOT_CLASS = YES_ERROR;
				CLANG_WARN_QUOTED_INCLUDE_IN_FRAMEWORK_HEADER = YES;
				CLANG_WARN_RANGE_LOOP_ANALYSIS = YES;
				CLANG_WARN_STRICT_PROTOTYPES = YES;
				CLANG_WARN_SUSPICIOUS_MOVE = YES;
				CLANG_WARN_UNGUARDED_AVAILABILITY = YES_AGGRESSIVE;
				CLANG_WARN_UNREACHABLE_CODE = YES;
				CLANG_WARN__DUPLICATE_METHOD_MATCH = YES;
				COPY_PHASE_STRIP = NO;
				DEBUG_INFORMATION_FORMAT = dwarf;
				ENABLE_STRICT_OBJC_MSGSEND = YES;
				ENABLE_TESTABILITY = YES;
				GCC_C_LANGUAGE_STANDARD = gnu11;
				GCC_DYNAMIC_NO_PIC = NO;
				GCC_NO_COMMON_BLOCKS = YES;
				GCC_OPTIMIZATION_LEVEL = 0;
				GCC_PREPROCESSOR_DEFINITIONS = (
					"DEBUG=1",
					"$(inherited)",
				);
				GCC_WARN_64_TO_32_BIT_CONVERSION = YES;
				GCC_WARN_ABOUT_RETURN_TYPE = YES_ERROR;
				GCC_WARN_UNDECLARED_SELECTOR = YES;
				GCC_WARN_UNINITIALIZED_AUTOS = YES_AGGRESSIVE;
				GCC_WARN_UNUSED_FUNCTION = YES;
				GCC_WARN_UNUSED_VARIABLE = YES;
				IPHONEOS_DEPLOYMENT_TARGET = 15.0;
				MTL_ENABLE_DEBUG_INFO = INCLUDE_SOURCE;
				MTL_FAST_MATH = YES;
				ONLY_ACTIVE_ARCH = YES;
				SDKROOT = iphoneos;
				SWIFT_ACTIVE_COMPILATION_CONDITIONS = DEBUG;
				SWIFT_OPTIMIZATION_LEVEL = "-Onone";
			};
			name = Debug;
		};
		044F190E27331646002FA58F /* Release */ = {
			isa = XCBuildConfiguration;
			buildSettings = {
				ALWAYS_SEARCH_USER_PATHS = NO;
				CLANG_ANALYZER_NONNULL = YES;
				CLANG_ANALYZER_NUMBER_OBJECT_CONVERSION = YES_AGGRESSIVE;
				CLANG_CXX_LANGUAGE_STANDARD = "gnu++17";
				CLANG_CXX_LIBRARY = "libc++";
				CLANG_ENABLE_MODULES = YES;
				CLANG_ENABLE_OBJC_ARC = YES;
				CLANG_ENABLE_OBJC_WEAK = YES;
				CLANG_WARN_BLOCK_CAPTURE_AUTORELEASING = YES;
				CLANG_WARN_BOOL_CONVERSION = YES;
				CLANG_WARN_COMMA = YES;
				CLANG_WARN_CONSTANT_CONVERSION = YES;
				CLANG_WARN_DEPRECATED_OBJC_IMPLEMENTATIONS = YES;
				CLANG_WARN_DIRECT_OBJC_ISA_USAGE = YES_ERROR;
				CLANG_WARN_DOCUMENTATION_COMMENTS = YES;
				CLANG_WARN_EMPTY_BODY = YES;
				CLANG_WARN_ENUM_CONVERSION = YES;
				CLANG_WARN_INFINITE_RECURSION = YES;
				CLANG_WARN_INT_CONVERSION = YES;
				CLANG_WARN_NON_LITERAL_NULL_CONVERSION = YES;
				CLANG_WARN_OBJC_IMPLICIT_RETAIN_SELF = YES;
				CLANG_WARN_OBJC_LITERAL_CONVERSION = YES;
				CLANG_WARN_OBJC_ROOT_CLASS = YES_ERROR;
				CLANG_WARN_QUOTED_INCLUDE_IN_FRAMEWORK_HEADER = YES;
				CLANG_WARN_RANGE_LOOP_ANALYSIS = YES;
				CLANG_WARN_STRICT_PROTOTYPES = YES;
				CLANG_WARN_SUSPICIOUS_MOVE = YES;
				CLANG_WARN_UNGUARDED_AVAILABILITY = YES_AGGRESSIVE;
				CLANG_WARN_UNREACHABLE_CODE = YES;
				CLANG_WARN__DUPLICATE_METHOD_MATCH = YES;
				COPY_PHASE_STRIP = NO;
				DEBUG_INFORMATION_FORMAT = "dwarf-with-dsym";
				ENABLE_NS_ASSERTIONS = NO;
				ENABLE_STRICT_OBJC_MSGSEND = YES;
				GCC_C_LANGUAGE_STANDARD = gnu11;
				GCC_NO_COMMON_BLOCKS = YES;
				GCC_WARN_64_TO_32_BIT_CONVERSION = YES;
				GCC_WARN_ABOUT_RETURN_TYPE = YES_ERROR;
				GCC_WARN_UNDECLARED_SELECTOR = YES;
				GCC_WARN_UNINITIALIZED_AUTOS = YES_AGGRESSIVE;
				GCC_WARN_UNUSED_FUNCTION = YES;
				GCC_WARN_UNUSED_VARIABLE = YES;
				IPHONEOS_DEPLOYMENT_TARGET = 15.0;
				MTL_ENABLE_DEBUG_INFO = NO;
				MTL_FAST_MATH = YES;
				SDKROOT = iphoneos;
				SWIFT_COMPILATION_MODE = wholemodule;
				SWIFT_OPTIMIZATION_LEVEL = "-O";
				VALIDATE_PRODUCT = YES;
			};
			name = Release;
		};
		044F191027331646002FA58F /* Debug */ = {
			isa = XCBuildConfiguration;
			buildSettings = {
				ASSETCATALOG_COMPILER_APPICON_NAME = AppIcon;
				ASSETCATALOG_COMPILER_GLOBAL_ACCENT_COLOR_NAME = AccentColor;
				CODE_SIGN_STYLE = Automatic;
				CURRENT_PROJECT_VERSION = 1;
				GENERATE_INFOPLIST_FILE = YES;
				INFOPLIST_FILE = games/Info.plist;
				INFOPLIST_KEY_UIApplicationSupportsIndirectInputEvents = YES;
				INFOPLIST_KEY_UILaunchStoryboardName = LaunchScreen;
				INFOPLIST_KEY_UIMainStoryboardFile = Main;
				INFOPLIST_KEY_UISupportedInterfaceOrientations_iPad = "UIInterfaceOrientationPortrait UIInterfaceOrientationPortraitUpsideDown UIInterfaceOrientationLandscapeLeft UIInterfaceOrientationLandscapeRight";
				INFOPLIST_KEY_UISupportedInterfaceOrientations_iPhone = "UIInterfaceOrientationPortrait UIInterfaceOrientationLandscapeLeft UIInterfaceOrientationLandscapeRight";
				LD_RUNPATH_SEARCH_PATHS = (
					"$(inherited)",
					"@executable_path/Frameworks",
				);
				MARKETING_VERSION = 1.0;
				PRODUCT_BUNDLE_IDENTIFIER = "Abo-Asal.games";
				PRODUCT_NAME = "$(TARGET_NAME)";
				SWIFT_EMIT_LOC_STRINGS = YES;
				SWIFT_VERSION = 5.0;
				TARGETED_DEVICE_FAMILY = "1,2";
			};
			name = Debug;
		};
		044F191127331646002FA58F /* Release */ = {
			isa = XCBuildConfiguration;
			buildSettings = {
				ASSETCATALOG_COMPILER_APPICON_NAME = AppIcon;
				ASSETCATALOG_COMPILER_GLOBAL_ACCENT_COLOR_NAME = AccentColor;
				CODE_SIGN_STYLE = Automatic;
				CURRENT_PROJECT_VERSION = 1;
				GENERATE_INFOPLIST_FILE = YES;
				INFOPLIST_FILE = games/Info.plist;
				INFOPLIST_KEY_UIApplicationSupportsIndirectInputEvents = YES;
				INFOPLIST_KEY_UILaunchStoryboardName = LaunchScreen;
				INFOPLIST_KEY_UIMainStoryboardFile = Main;
				INFOPLIST_KEY_UISupportedInterfaceOrientations_iPad = "UIInterfaceOrientationPortrait UIInterfaceOrientationPortraitUpsideDown UIInterfaceOrientationLandscapeLeft UIInterfaceOrientationLandscapeRight";
				INFOPLIST_KEY_UISupportedInterfaceOrientations_iPhone = "UIInterfaceOrientationPortrait UIInterfaceOrientationLandscapeLeft UIInterfaceOrientationLandscapeRight";
				LD_RUNPATH_SEARCH_PATHS = (
					"$(inherited)",
					"@executable_path/Frameworks",
				);
				MARKETING_VERSION = 1.0;
				PRODUCT_BUNDLE_IDENTIFIER = "Abo-Asal.games";
				PRODUCT_NAME = "$(TARGET_NAME)";
				SWIFT_EMIT_LOC_STRINGS = YES;
				SWIFT_VERSION = 5.0;
				TARGETED_DEVICE_FAMILY = "1,2";
			};
			name = Release;
		};
/* End XCBuildConfiguration section */

/* Begin XCConfigurationList section */
		044F18F627331645002FA58F /* Build configuration list for PBXProject "games" */ = {
			isa = XCConfigurationList;
			buildConfigurations = (
				044F190D27331646002FA58F /* Debug */,
				044F190E27331646002FA58F /* Release */,
			);
			defaultConfigurationIsVisible = 0;
			defaultConfigurationName = Release;
		};
		044F190F27331646002FA58F /* Build configuration list for PBXNativeTarget "games" */ = {
			isa = XCConfigurationList;
			buildConfigurations = (
				044F191027331646002FA58F /* Debug */,
				044F191127331646002FA58F /* Release */,
			);
			defaultConfigurationIsVisible = 0;
			defaultConfigurationName = Release;
		};
/* End XCConfigurationList section */
	};
	rootObject = 044F18F327331645002FA58F /* Project object */;
}
